{
  "requires": true,
  "lockfileVersion": 1,
  "dependencies": {
    "vue-router": {
      "version": "3.1.3",
      "resolved": "https://registry.npmjs.org/vue-router/-/vue-router-3.1.3.tgz",
      "integrity": "sha512-8iSa4mGNXBjyuSZFCCO4fiKfvzqk+mhL0lnKuGcQtO1eoj8nq3CmbEG8FwK5QqoqwDgsjsf1GDuisDX4cdb/aQ=="
    },
    "vue-validate": {
      "version": "1.0.1",
      "resolved": "https://registry.npmjs.org/vue-validate/-/vue-validate-1.0.1.tgz",
      "integrity": "sha1-M7YT7lmM2y8uNbQ9f59HxYbbILc="
    }
  }
}
