# THIS IS AN AUTOGENERATED FILE. DO NOT EDIT THIS FILE DIRECTLY.
# yarn lockfile v1


vue-router@^3.1.3:
  version "3.1.3"
  resolved "https://registry.yarnpkg.com/vue-router/-/vue-router-3.1.3.tgz#e6b14fabc0c0ee9fda0e2cbbda74b350e28e412b"
  integrity sha512-8iSa4mGNXBjyuSZFCCO4fiKfvzqk+mhL0lnKuGcQtO1eoj8nq3CmbEG8FwK5QqoqwDgsjsf1GDuisDX4cdb/aQ==

vue-validate@^1.0.1:
  version "1.0.1"
  resolved "https://registry.yarnpkg.com/vue-validate/-/vue-validate-1.0.1.tgz#33b613ee598cdb2f2e35b43d7f9f47c586db20b7"
  integrity sha1-M7YT7lmM2y8uNbQ9f59HxYbbILc=
